
Microsoft Visual Studio Solution File, Format Version 12.00
# Visual Studio Version 17
VisualStudioVersion = 17.4.33110.190
MinimumVisualStudioVersion = 10.0.40219.1
Project("{9A19103F-16F7-4668-BE54-9A1E7A4F7556}") = "XHTDHP-API", "XHTDHP-API.csproj", "{63462303-F142-4422-A049-5C3788BE8618}"
EndProject
Global
	GlobalSection(SolutionConfigurationPlatforms) = preSolution
		Debug|Any CPU = Debug|Any CPU
		Release|Any CPU = Release|Any CPU
	EndGlobalSection
	GlobalSection(ProjectConfigurationPlatforms) = postSolution
		{63462303-F142-4422-A049-5C3788BE8618}.Debug|Any CPU.ActiveCfg = Debug|Any CPU
		{63462303-F142-4422-A049-5C3788BE8618}.Debug|Any CPU.Build.0 = Debug|Any CPU
		{63462303-F142-4422-A049-5C3788BE8618}.Release|Any CPU.ActiveCfg = Release|Any CPU
		{63462303-F142-4422-A049-5C3788BE8618}.Release|Any CPU.Build.0 = Release|Any CPU
	EndGlobalSection
	GlobalSection(SolutionProperties) = preSolution
		HideSolutionNode = FALSE
	EndGlobalSection
	GlobalSection(ExtensibilityGlobals) = postSolution
		SolutionGuid = {268CFE77-83A9-4B79-9488-1FE2DE98A78B}
	EndGlobalSection
EndGlobal
